
Microsoft Visual Studio Solution File, Format Version 12.00
# Visual Studio 15
VisualStudioVersion = 15.0.28307.271
MinimumVisualStudioVersion = 10.0.40219.1
Project("{FAE04EC0-301F-11D3-BF4B-00C04F79EFBC}") = "EntityFramWorkCotrolBindigTest", "EntityFramWorkCotrolBindigTest\EntityFramWorkCotrolBindigTest.csproj", "{9311B30A-EB50-4F9D-99A2-5012376D75D9}"
EndProject
Global
	GlobalSection(SolutionConfigurationPlatforms) = preSolution
		Debug|Any CPU = Debug|Any CPU
		Release|Any CPU = Release|Any CPU
	EndGlobalSection
	GlobalSection(ProjectConfigurationPlatforms) = postSolution
		{9311B30A-EB50-4F9D-99A2-5012376D75D9}.Debug|Any CPU.ActiveCfg = Debug|Any CPU
		{9311B30A-EB50-4F9D-99A2-5012376D75D9}.Debug|Any CPU.Build.0 = Debug|Any CPU
		{9311B30A-EB50-4F9D-99A2-5012376D75D9}.Release|Any CPU.ActiveCfg = Release|Any CPU
		{9311B30A-EB50-4F9D-99A2-5012376D75D9}.Release|Any CPU.Build.0 = Release|Any CPU
	EndGlobalSection
	GlobalSection(SolutionProperties) = preSolution
		HideSolutionNode = FALSE
	EndGlobalSection
	GlobalSection(ExtensibilityGlobals) = postSolution
		SolutionGuid = {40D0932D-0A71-4A9B-A1F0-325E349623B0}
	EndGlobalSection
EndGlobal
